// !$*UTF8*$!
{
	archiveVersion = 1;
	classes = {
	};
	objectVersion = 48;
	objects = {

/* Begin PBXBuildFile section */
		88E6A26C1FE0E6DF007D4153 /* AppDelegate.swift in Sources */ = {isa = PBXBuildFile; fileRef = 88E6A26B1FE0E6DF007D4153 /* AppDelegate.swift */; };
		88E6A2711FE0E6DF007D4153 /* Main.storyboard in Resources */ = {isa = PBXBuildFile; fileRef = 88E6A26F1FE0E6DF007D4153 /* Main.storyboard */; };
		88E6A2731FE0E6DF007D4153 /* Assets.xcassets in Resources */ = {isa = PBXBuildFile; fileRef = 88E6A2721FE0E6DF007D4153 /* Assets.xcassets */; };
		88E6A2761FE0E6DF007D4153 /* LaunchScreen.storyboard in Resources */ = {isa = PBXBuildFile; fileRef = 88E6A2741FE0E6DF007D4153 /* LaunchScreen.storyboard */; };
		88E6A2811FE0E724007D4153 /* Spell.swift in Sources */ = {isa = PBXBuildFile; fileRef = 88E6A2801FE0E724007D4153 /* Spell.swift */; };
		88E6A2831FE0E9FA007D4153 /* ClassAndLevelViewController.swift in Sources */ = {isa = PBXBuildFile; fileRef = 88E6A2821FE0E9FA007D4153 /* ClassAndLevelViewController.swift */; };
/* End PBXBuildFile section */

/* Begin PBXFileReference section */
		88E6A2681FE0E6DF007D4153 /* PathfinderSpells.app */ = {isa = PBXFileReference; explicitFileType = wrapper.application; includeInIndex = 0; path = PathfinderSpells.app; sourceTree = BUILT_PRODUCTS_DIR; };
		88E6A26B1FE0E6DF007D4153 /* AppDelegate.swift */ = {isa = PBXFileReference; lastKnownFileType = sourcecode.swift; path = AppDelegate.swift; sourceTree = "<group>"; };
		88E6A2701FE0E6DF007D4153 /* Base */ = {isa = PBXFileReference; lastKnownFileType = file.storyboard; name = Base; path = Base.lproj/Main.storyboard; sourceTree = "<group>"; };
		88E6A2721FE0E6DF007D4153 /* Assets.xcassets */ = {isa = PBXFileReference; lastKnownFileType = folder.assetcatalog; path = Assets.xcassets; sourceTree = "<group>"; };
		88E6A2751FE0E6DF007D4153 /* Base */ = {isa = PBXFileReference; lastKnownFileType = file.storyboard; name = Base; path = Base.lproj/LaunchScreen.storyboard; sourceTree = "<group>"; };
		88E6A2771FE0E6DF007D4153 /* Info.plist */ = {isa = PBXFileReference; lastKnownFileType = text.plist.xml; path = Info.plist; sourceTree = "<group>"; };
		88E6A2801FE0E724007D4153 /* Spell.swift */ = {isa = PBXFileReference; lastKnownFileType = sourcecode.swift; path = Spell.swift; sourceTree = "<group>"; };
		88E6A2821FE0E9FA007D4153 /* ClassAndLevelViewController.swift */ = {isa = PBXFileReference; lastKnownFileType = sourcecode.swift; path = ClassAndLevelViewController.swift; sourceTree = "<group>"; };
/* End PBXFileReference section */

/* Begin PBXFrameworksBuildPhase section */
		88E6A2651FE0E6DF007D4153 /* Frameworks */ = {
			isa = PBXFrameworksBuildPhase;
			buildActionMask = 2147483647;
			files = (
			);
			runOnlyForDeploymentPostprocessing = 0;
		};
/* End PBXFrameworksBuildPhase section */

/* Begin PBXGroup section */
		88E6A25F1FE0E6DF007D4153 = {
			isa = PBXGroup;
			children = (
				88E6A26A1FE0E6DF007D4153 /* PathfinderSpells */,
				88E6A2691FE0E6DF007D4153 /* Products */,
			);
			sourceTree = "<group>";
		};
		88E6A2691FE0E6DF007D4153 /* Products */ = {
			isa = PBXGroup;
			children = (
				88E6A2681FE0E6DF007D4153 /* PathfinderSpells.app */,
			);
			name = Products;
			sourceTree = "<group>";
		};
		88E6A26A1FE0E6DF007D4153 /* PathfinderSpells */ = {
			isa = PBXGroup;
			children = (
				88E6A27F1FE0E70E007D4153 /* Model */,
				88E6A27E1FE0E703007D4153 /* Controller */,
				88E6A27D1FE0E6F8007D4153 /* View */,
				88E6A2771FE0E6DF007D4153 /* Info.plist */,
			);
			path = PathfinderSpells;
			sourceTree = "<group>";
		};
		88E6A27D1FE0E6F8007D4153 /* View */ = {
			isa = PBXGroup;
			children = (
				88E6A26F1FE0E6DF007D4153 /* Main.storyboard */,
				88E6A2721FE0E6DF007D4153 /* Assets.xcassets */,
				88E6A2741FE0E6DF007D4153 /* LaunchScreen.storyboard */,
			);
			path = View;
			sourceTree = "<group>";
		};
		88E6A27E1FE0E703007D4153 /* Controller */ = {
			isa = PBXGroup;
			children = (
				88E6A26B1FE0E6DF007D4153 /* AppDelegate.swift */,
				88E6A2821FE0E9FA007D4153 /* ClassAndLevelViewController.swift */,
			);
			path = Controller;
			sourceTree = "<group>";
		};
		88E6A27F1FE0E70E007D4153 /* Model */ = {
			isa = PBXGroup;
			children = (
				88E6A2801FE0E724007D4153 /* Spell.swift */,
			);
			path = Model;
			sourceTree = "<group>";
		};
/* End PBXGroup section */

/* Begin PBXNativeTarget section */
		88E6A2671FE0E6DF007D4153 /* PathfinderSpells */ = {
			isa = PBXNativeTarget;
			buildConfigurationList = 88E6A27A1FE0E6DF007D4153 /* Build configuration list for PBXNativeTarget "PathfinderSpells" */;
			buildPhases = (
				88E6A2641FE0E6DF007D4153 /* Sources */,
				88E6A2651FE0E6DF007D4153 /* Frameworks */,
				88E6A2661FE0E6DF007D4153 /* Resources */,
			);
			buildRules = (
			);
			dependencies = (
			);
			name = PathfinderSpells;
			productName = PathfinderSpells;
			productReference = 88E6A2681FE0E6DF007D4153 /* PathfinderSpells.app */;
			productType = "com.apple.product-type.application";
		};
/* End PBXNativeTarget section */

/* Begin PBXProject section */
		88E6A2601FE0E6DF007D4153 /* Project object */ = {
			isa = PBXProject;
			attributes = {
				LastSwiftUpdateCheck = 0920;
				LastUpgradeCheck = 0920;
				ORGANIZATIONNAME = "Jesse Battalino";
				TargetAttributes = {
					88E6A2671FE0E6DF007D4153 = {
						CreatedOnToolsVersion = 9.2;
						ProvisioningStyle = Automatic;
					};
				};
			};
			buildConfigurationList = 88E6A2631FE0E6DF007D4153 /* Build configuration list for PBXProject "PathfinderSpells" */;
			compatibilityVersion = "Xcode 8.0";
			developmentRegion = en;
			hasScannedForEncodings = 0;
			knownRegions = (
				en,
				Base,
			);
			mainGroup = 88E6A25F1FE0E6DF007D4153;
			productRefGroup = 88E6A2691FE0E6DF007D4153 /* Products */;
			projectDirPath = "";
			projectRoot = "";
			targets = (
				88E6A2671FE0E6DF007D4153 /* PathfinderSpells */,
			);
		};
/* End PBXProject section */

/* Begin PBXResourcesBuildPhase section */
		88E6A2661FE0E6DF007D4153 /* Resources */ = {
			isa = PBXResourcesBuildPhase;
			buildActionMask = 2147483647;
			files = (
				88E6A2761FE0E6DF007D4153 /* LaunchScreen.storyboard in Resources */,
				88E6A2731FE0E6DF007D4153 /* Assets.xcassets in Resources */,
				88E6A2711FE0E6DF007D4153 /* Main.storyboard in Resources */,
			);
			runOnlyForDeploymentPostprocessing = 0;
		};
/* End PBXResourcesBuildPhase section */

/* Begin PBXSourcesBuildPhase section */
		88E6A2641FE0E6DF007D4153 /* Sources */ = {
			isa = PBXSourcesBuildPhase;
			buildActionMask = 2147483647;
			files = (
				88E6A26C1FE0E6DF007D4153 /* AppDelegate.swift in Sources */,
				88E6A2831FE0E9FA007D4153 /* ClassAndLevelViewController.swift in Sources */,
				88E6A2811FE0E724007D4153 /* Spell.swift in Sources */,
			);
			runOnlyForDeploymentPostprocessing = 0;
		};
/* End PBXSourcesBuildPhase section */

/* Begin PBXVariantGroup section */
		88E6A26F1FE0E6DF007D4153 /* Main.storyboard */ = {
			isa = PBXVariantGroup;
			children = (
				88E6A2701FE0E6DF007D4153 /* Base */,
			);
			name = Main.storyboard;
			sourceTree = "<group>";
		};
		88E6A2741FE0E6DF007D4153 /* LaunchScreen.storyboard */ = {
			isa = PBXVariantGroup;
			children = (
				88E6A2751FE0E6DF007D4153 /* Base */,
			);
			name = LaunchScreen.storyboard;
			sourceTree = "<group>";
		};
/* End PBXVariantGroup section */

/* Begin XCBuildConfiguration section */
		88E6A2781FE0E6DF007D4153 /* Debug */ = {
			isa = XCBuildConfiguration;
			buildSettings = {
				ALWAYS_SEARCH_USER_PATHS = NO;
				CLANG_ANALYZER_NONNULL = YES;
				CLANG_ANALYZER_NUMBER_OBJECT_CONVERSION = YES_AGGRESSIVE;
				CLANG_CXX_LANGUAGE_STANDARD = "gnu++14";
				CLANG_CXX_LIBRARY = "libc++";
				CLANG_ENABLE_MODULES = YES;
				CLANG_ENABLE_OBJC_ARC = YES;
				CLANG_WARN_BLOCK_CAPTURE_AUTORELEASING = YES;
				CLANG_WARN_BOOL_CONVERSION = YES;
				CLANG_WARN_COMMA = YES;
				CLANG_WARN_CONSTANT_CONVERSION = YES;
				CLANG_WARN_DIRECT_OBJC_ISA_USAGE = YES_ERROR;
				CLANG_WARN_DOCUMENTATION_COMMENTS = YES;
				CLANG_WARN_EMPTY_BODY = YES;
				CLANG_WARN_ENUM_CONVERSION = YES;
				CLANG_WARN_INFINITE_RECURSION = YES;
				CLANG_WARN_INT_CONVERSION = YES;
				CLANG_WARN_NON_LITERAL_NULL_CONVERSION = YES;
				CLANG_WARN_OBJC_LITERAL_CONVERSION = YES;
				CLANG_WARN_OBJC_ROOT_CLASS = YES_ERROR;
				CLANG_WARN_RANGE_LOOP_ANALYSIS = YES;
				CLANG_WARN_STRICT_PROTOTYPES = YES;
				CLANG_WARN_SUSPICIOUS_MOVE = YES;
				CLANG_WARN_UNGUARDED_AVAILABILITY = YES_AGGRESSIVE;
				CLANG_WARN_UNREACHABLE_CODE = YES;
				CLANG_WARN__DUPLICATE_METHOD_MATCH = YES;
				CODE_SIGN_IDENTITY = "iPhone Developer";
				COPY_PHASE_STRIP = NO;
				DEBUG_INFORMATION_FORMAT = dwarf;
				ENABLE_STRICT_OBJC_MSGSEND = YES;
				ENABLE_TESTABILITY = YES;
				GCC_C_LANGUAGE_STANDARD = gnu11;
				GCC_DYNAMIC_NO_PIC = NO;
				GCC_NO_COMMON_BLOCKS = YES;
				GCC_OPTIMIZATION_LEVEL = 0;
				GCC_PREPROCESSOR_DEFINITIONS = (
					"DEBUG=1",
					"$(inherited)",
				);
				GCC_WARN_64_TO_32_BIT_CONVERSION = YES;
				GCC_WARN_ABOUT_RETURN_TYPE = YES_ERROR;
				GCC_WARN_UNDECLARED_SELECTOR = YES;
				GCC_WARN_UNINITIALIZED_AUTOS = YES_AGGRESSIVE;
				GCC_WARN_UNUSED_FUNCTION = YES;
				GCC_WARN_UNUSED_VARIABLE = YES;
				IPHONEOS_DEPLOYMENT_TARGET = 11.2;
				MTL_ENABLE_DEBUG_INFO = YES;
				ONLY_ACTIVE_ARCH = YES;
				SDKROOT = iphoneos;
				SWIFT_ACTIVE_COMPILATION_CONDITIONS = DEBUG;
				SWIFT_OPTIMIZATION_LEVEL = "-Onone";
			};
			name = Debug;
		};
		88E6A2791FE0E6DF007D4153 /* Release */ = {
			isa = XCBuildConfiguration;
			buildSettings = {
				ALWAYS_SEARCH_USER_PATHS = NO;
				CLANG_ANALYZER_NONNULL = YES;
				CLANG_ANALYZER_NUMBER_OBJECT_CONVERSION = YES_AGGRESSIVE;
				CLANG_CXX_LANGUAGE_STANDARD = "gnu++14";
				CLANG_CXX_LIBRARY = "libc++";
				CLANG_ENABLE_MODULES = YES;
				CLANG_ENABLE_OBJC_ARC = YES;
				CLANG_WARN_BLOCK_CAPTURE_AUTORELEASING = YES;
				CLANG_WARN_BOOL_CONVERSION = YES;
				CLANG_WARN_COMMA = YES;
				CLANG_WARN_CONSTANT_CONVERSION = YES;
				CLANG_WARN_DIRECT_OBJC_ISA_USAGE = YES_ERROR;
				CLANG_WARN_DOCUMENTATION_COMMENTS = YES;
				CLANG_WARN_EMPTY_BODY = YES;
				CLANG_WARN_ENUM_CONVERSION = YES;
				CLANG_WARN_INFINITE_RECURSION = YES;
				CLANG_WARN_INT_CONVERSION = YES;
				CLANG_WARN_NON_LITERAL_NULL_CONVERSION = YES;
				CLANG_WARN_OBJC_LITERAL_CONVERSION = YES;
				CLANG_WARN_OBJC_ROOT_CLASS = YES_ERROR;
				CLANG_WARN_RANGE_LOOP_ANALYSIS = YES;
				CLANG_WARN_STRICT_PROTOTYPES = YES;
				CLANG_WARN_SUSPICIOUS_MOVE = YES;
				CLANG_WARN_UNGUARDED_AVAILABILITY = YES_AGGRESSIVE;
				CLANG_WARN_UNREACHABLE_CODE = YES;
				CLANG_WARN__DUPLICATE_METHOD_MATCH = YES;
				CODE_SIGN_IDENTITY = "iPhone Developer";
				COPY_PHASE_STRIP = NO;
				DEBUG_INFORMATION_FORMAT = "dwarf-with-dsym";
				ENABLE_NS_ASSERTIONS = NO;
				ENABLE_STRICT_OBJC_MSGSEND = YES;
				GCC_C_LANGUAGE_STANDARD = gnu11;
				GCC_NO_COMMON_BLOCKS = YES;
				GCC_WARN_64_TO_32_BIT_CONVERSION = YES;
				GCC_WARN_ABOUT_RETURN_TYPE = YES_ERROR;
				GCC_WARN_UNDECLARED_SELECTOR = YES;
				GCC_WARN_UNINITIALIZED_AUTOS = YES_AGGRESSIVE;
				GCC_WARN_UNUSED_FUNCTION = YES;
				GCC_WARN_UNUSED_VARIABLE = YES;
				IPHONEOS_DEPLOYMENT_TARGET = 11.2;
				MTL_ENABLE_DEBUG_INFO = NO;
				SDKROOT = iphoneos;
				SWIFT_OPTIMIZATION_LEVEL = "-Owholemodule";
				VALIDATE_PRODUCT = YES;
			};
			name = Release;
		};
		88E6A27B1FE0E6DF007D4153 /* Debug */ = {
			isa = XCBuildConfiguration;
			buildSettings = {
				ASSETCATALOG_COMPILER_APPICON_NAME = AppIcon;
				CODE_SIGN_STYLE = Automatic;
				DEVELOPMENT_TEAM = 842BS5AYPZ;
				INFOPLIST_FILE = PathfinderSpells/Info.plist;
				LD_RUNPATH_SEARCH_PATHS = "$(inherited) @executable_path/Frameworks";
				PRODUCT_BUNDLE_IDENTIFIER = JesseBattalino.PathfinderSpells;
				PRODUCT_NAME = "$(TARGET_NAME)";
				SWIFT_VERSION = 4.0;
				TARGETED_DEVICE_FAMILY = "1,2";
			};
			name = Debug;
		};
		88E6A27C1FE0E6DF007D4153 /* Release */ = {
			isa = XCBuildConfiguration;
			buildSettings = {
				ASSETCATALOG_COMPILER_APPICON_NAME = AppIcon;
				CODE_SIGN_STYLE = Automatic;
				DEVELOPMENT_TEAM = 842BS5AYPZ;
				INFOPLIST_FILE = PathfinderSpells/Info.plist;
				LD_RUNPATH_SEARCH_PATHS = "$(inherited) @executable_path/Frameworks";
				PRODUCT_BUNDLE_IDENTIFIER = JesseBattalino.PathfinderSpells;
				PRODUCT_NAME = "$(TARGET_NAME)";
				SWIFT_VERSION = 4.0;
				TARGETED_DEVICE_FAMILY = "1,2";
			};
			name = Release;
		};
/* End XCBuildConfiguration section */

/* Begin XCConfigurationList section */
		88E6A2631FE0E6DF007D4153 /* Build configuration list for PBXProject "PathfinderSpells" */ = {
			isa = XCConfigurationList;
			buildConfigurations = (
				88E6A2781FE0E6DF007D4153 /* Debug */,
				88E6A2791FE0E6DF007D4153 /* Release */,
			);
			defaultConfigurationIsVisible = 0;
			defaultConfigurationName = Release;
		};
		88E6A27A1FE0E6DF007D4153 /* Build configuration list for PBXNativeTarget "PathfinderSpells" */ = {
			isa = XCConfigurationList;
			buildConfigurations = (
				88E6A27B1FE0E6DF007D4153 /* Debug */,
				88E6A27C1FE0E6DF007D4153 /* Release */,
			);
			defaultConfigurationIsVisible = 0;
			defaultConfigurationName = Release;
		};
/* End XCConfigurationList section */
	};
	rootObject = 88E6A2601FE0E6DF007D4153 /* Project object */;
}
